
Microsoft Visual Studio Solution File, Format Version 12.00
# Visual Studio Version 16
VisualStudioVersion = 25.0.1700.6
MinimumVisualStudioVersion = 10.0.40219.1
Project("{FAE04EC0-301F-11D3-BF4B-00C04F79EFBC}") = "ShoppingCardWeb", "ShoppingCardWeb\ShoppingCardWeb.csproj", "{D79F0AE9-1F05-44A6-89D2-6FB923A9F0AA}"
EndProject
Project("{FAE04EC0-301F-11D3-BF4B-00C04F79EFBC}") = "ShoppingCardAPI", "ShoppingCardAPI\ShoppingCardAPI.csproj", "{7F8150A2-D1D3-40F0-89F3-B7CD7A25173F}"
EndProject
Project("{FAE04EC0-301F-11D3-BF4B-00C04F79EFBC}") = "ShopOnlineModules", "ShopOnlineModules\ShopOnlineModules.csproj", "{08FFF3F1-399B-49FF-B0C2-CB4ACEDCA2C3}"
EndProject
Project("{2150E333-8FDC-42A3-9474-1A3956D46DE8}") = "Solution Items", "Solution Items", "{606B8D1E-64DD-4D7D-9312-A36671A38FA6}"
	ProjectSection(SolutionItems) = preProject
		.editorconfig = .editorconfig
	EndProjectSection
EndProject
Global
	GlobalSection(SolutionConfigurationPlatforms) = preSolution
		Debug|Any CPU = Debug|Any CPU
		Release|Any CPU = Release|Any CPU
	EndGlobalSection
	GlobalSection(ProjectConfigurationPlatforms) = postSolution
		{D79F0AE9-1F05-44A6-89D2-6FB923A9F0AA}.Debug|Any CPU.ActiveCfg = Debug|Any CPU
		{D79F0AE9-1F05-44A6-89D2-6FB923A9F0AA}.Debug|Any CPU.Build.0 = Debug|Any CPU
		{D79F0AE9-1F05-44A6-89D2-6FB923A9F0AA}.Release|Any CPU.ActiveCfg = Release|Any CPU
		{D79F0AE9-1F05-44A6-89D2-6FB923A9F0AA}.Release|Any CPU.Build.0 = Release|Any CPU
		{7F8150A2-D1D3-40F0-89F3-B7CD7A25173F}.Debug|Any CPU.ActiveCfg = Debug|Any CPU
		{7F8150A2-D1D3-40F0-89F3-B7CD7A25173F}.Debug|Any CPU.Build.0 = Debug|Any CPU
		{7F8150A2-D1D3-40F0-89F3-B7CD7A25173F}.Release|Any CPU.ActiveCfg = Release|Any CPU
		{7F8150A2-D1D3-40F0-89F3-B7CD7A25173F}.Release|Any CPU.Build.0 = Release|Any CPU
		{08FFF3F1-399B-49FF-B0C2-CB4ACEDCA2C3}.Debug|Any CPU.ActiveCfg = Debug|Any CPU
		{08FFF3F1-399B-49FF-B0C2-CB4ACEDCA2C3}.Debug|Any CPU.Build.0 = Debug|Any CPU
		{08FFF3F1-399B-49FF-B0C2-CB4ACEDCA2C3}.Release|Any CPU.ActiveCfg = Release|Any CPU
		{08FFF3F1-399B-49FF-B0C2-CB4ACEDCA2C3}.Release|Any CPU.Build.0 = Release|Any CPU
	EndGlobalSection
	GlobalSection(SolutionProperties) = preSolution
		HideSolutionNode = FALSE
	EndGlobalSection
	GlobalSection(ExtensibilityGlobals) = postSolution
		SolutionGuid = {AA4F9928-32F2-4844-AACD-D1D271A00BC6}
	EndGlobalSection
EndGlobal
